
Microsoft Visual Studio Solution File, Format Version 12.00
# Visual Studio 15
VisualStudioVersion = 15.0.28307.902
MinimumVisualStudioVersion = 10.0.40219.1
Project("{FAE04EC0-301F-11D3-BF4B-00C04F79EFBC}") = "Task_laby", "Task_laby\Task_laby.csproj", "{FB393D70-38FD-42BA-AF67-AA49A7C5EE0E}"
EndProject
Global
	GlobalSection(SolutionConfigurationPlatforms) = preSolution
		Debug|Any CPU = Debug|Any CPU
		Release|Any CPU = Release|Any CPU
	EndGlobalSection
	GlobalSection(ProjectConfigurationPlatforms) = postSolution
		{FB393D70-38FD-42BA-AF67-AA49A7C5EE0E}.Debug|Any CPU.ActiveCfg = Debug|Any CPU
		{FB393D70-38FD-42BA-AF67-AA49A7C5EE0E}.Debug|Any CPU.Build.0 = Debug|Any CPU
		{FB393D70-38FD-42BA-AF67-AA49A7C5EE0E}.Release|Any CPU.ActiveCfg = Release|Any CPU
		{FB393D70-38FD-42BA-AF67-AA49A7C5EE0E}.Release|Any CPU.Build.0 = Release|Any CPU
	EndGlobalSection
	GlobalSection(SolutionProperties) = preSolution
		HideSolutionNode = FALSE
	EndGlobalSection
	GlobalSection(ExtensibilityGlobals) = postSolution
		SolutionGuid = {C22AE240-19A6-44FA-BE84-9F207146A50C}
	EndGlobalSection
EndGlobal
