
Microsoft Visual Studio Solution File, Format Version 12.00
# Visual Studio 15
VisualStudioVersion = 15.0.28307.902
MinimumVisualStudioVersion = 10.0.40219.1
Project("{FAE04EC0-301F-11D3-BF4B-00C04F79EFBC}") = "Demo_1", "Demo_1\Demo_1.csproj", "{8F4B82B6-5A9C-49BC-ADC9-2190BF77F28E}"
EndProject
Global
	GlobalSection(SolutionConfigurationPlatforms) = preSolution
		Debug|Any CPU = Debug|Any CPU
		Release|Any CPU = Release|Any CPU
	EndGlobalSection
	GlobalSection(ProjectConfigurationPlatforms) = postSolution
		{8F4B82B6-5A9C-49BC-ADC9-2190BF77F28E}.Debug|Any CPU.ActiveCfg = Debug|Any CPU
		{8F4B82B6-5A9C-49BC-ADC9-2190BF77F28E}.Debug|Any CPU.Build.0 = Debug|Any CPU
		{8F4B82B6-5A9C-49BC-ADC9-2190BF77F28E}.Release|Any CPU.ActiveCfg = Release|Any CPU
		{8F4B82B6-5A9C-49BC-ADC9-2190BF77F28E}.Release|Any CPU.Build.0 = Release|Any CPU
	EndGlobalSection
	GlobalSection(SolutionProperties) = preSolution
		HideSolutionNode = FALSE
	EndGlobalSection
	GlobalSection(ExtensibilityGlobals) = postSolution
		SolutionGuid = {C43CFA9E-2740-4989-A842-4C15EF6E9C9E}
	EndGlobalSection
EndGlobal
