
Microsoft Visual Studio Solution File, Format Version 12.00
# Visual Studio 15
VisualStudioVersion = 15.0.28307.902
MinimumVisualStudioVersion = 10.0.40219.1
Project("{FAE04EC0-301F-11D3-BF4B-00C04F79EFBC}") = "Person", "Person\Person.csproj", "{952D05F4-1ECC-44CD-B076-3E9B5EBD7820}"
EndProject
Global
	GlobalSection(SolutionConfigurationPlatforms) = preSolution
		Debug|Any CPU = Debug|Any CPU
		Release|Any CPU = Release|Any CPU
	EndGlobalSection
	GlobalSection(ProjectConfigurationPlatforms) = postSolution
		{952D05F4-1ECC-44CD-B076-3E9B5EBD7820}.Debug|Any CPU.ActiveCfg = Debug|Any CPU
		{952D05F4-1ECC-44CD-B076-3E9B5EBD7820}.Debug|Any CPU.Build.0 = Debug|Any CPU
		{952D05F4-1ECC-44CD-B076-3E9B5EBD7820}.Release|Any CPU.ActiveCfg = Release|Any CPU
		{952D05F4-1ECC-44CD-B076-3E9B5EBD7820}.Release|Any CPU.Build.0 = Release|Any CPU
	EndGlobalSection
	GlobalSection(SolutionProperties) = preSolution
		HideSolutionNode = FALSE
	EndGlobalSection
	GlobalSection(ExtensibilityGlobals) = postSolution
		SolutionGuid = {95A9A114-6E85-447B-9232-08A4C079D6F5}
	EndGlobalSection
EndGlobal
