
Microsoft Visual Studio Solution File, Format Version 12.00
# Visual Studio 15
VisualStudioVersion = 15.0.28307.902
MinimumVisualStudioVersion = 10.0.40219.1
Project("{F2A71F9B-5D33-465A-A702-920D77279786}") = "Event1", "Event1\Event1.fsproj", "{CFFB9D88-CD4D-42A0-BAD7-B87DB8A2293C}"
EndProject
Global
	GlobalSection(SolutionConfigurationPlatforms) = preSolution
		Debug|Any CPU = Debug|Any CPU
		Release|Any CPU = Release|Any CPU
	EndGlobalSection
	GlobalSection(ProjectConfigurationPlatforms) = postSolution
		{CFFB9D88-CD4D-42A0-BAD7-B87DB8A2293C}.Debug|Any CPU.ActiveCfg = Debug|Any CPU
		{CFFB9D88-CD4D-42A0-BAD7-B87DB8A2293C}.Debug|Any CPU.Build.0 = Debug|Any CPU
		{CFFB9D88-CD4D-42A0-BAD7-B87DB8A2293C}.Release|Any CPU.ActiveCfg = Release|Any CPU
		{CFFB9D88-CD4D-42A0-BAD7-B87DB8A2293C}.Release|Any CPU.Build.0 = Release|Any CPU
	EndGlobalSection
	GlobalSection(SolutionProperties) = preSolution
		HideSolutionNode = FALSE
	EndGlobalSection
	GlobalSection(ExtensibilityGlobals) = postSolution
		SolutionGuid = {0E1BD6EF-6672-47D4-8305-651535E3A077}
	EndGlobalSection
EndGlobal
