
Microsoft Visual Studio Solution File, Format Version 12.00
# Visual Studio 15
VisualStudioVersion = 15.0.28307.902
MinimumVisualStudioVersion = 10.0.40219.1
Project("{FAE04EC0-301F-11D3-BF4B-00C04F79EFBC}") = "ConsoleApp2", "ConsoleApp2\ConsoleApp2.csproj", "{618F5B65-91AF-4035-9522-B019CF7CB451}"
EndProject
Global
	GlobalSection(SolutionConfigurationPlatforms) = preSolution
		Debug|Any CPU = Debug|Any CPU
		Release|Any CPU = Release|Any CPU
	EndGlobalSection
	GlobalSection(ProjectConfigurationPlatforms) = postSolution
		{618F5B65-91AF-4035-9522-B019CF7CB451}.Debug|Any CPU.ActiveCfg = Debug|Any CPU
		{618F5B65-91AF-4035-9522-B019CF7CB451}.Debug|Any CPU.Build.0 = Debug|Any CPU
		{618F5B65-91AF-4035-9522-B019CF7CB451}.Release|Any CPU.ActiveCfg = Release|Any CPU
		{618F5B65-91AF-4035-9522-B019CF7CB451}.Release|Any CPU.Build.0 = Release|Any CPU
	EndGlobalSection
	GlobalSection(SolutionProperties) = preSolution
		HideSolutionNode = FALSE
	EndGlobalSection
	GlobalSection(ExtensibilityGlobals) = postSolution
		SolutionGuid = {A5C19FC4-B163-46CA-B1C6-19A3C6265AA0}
	EndGlobalSection
EndGlobal
