
Microsoft Visual Studio Solution File, Format Version 12.00
# Visual Studio 15
VisualStudioVersion = 15.0.28307.902
MinimumVisualStudioVersion = 10.0.40219.1
Project("{FAE04EC0-301F-11D3-BF4B-00C04F79EFBC}") = "Eventy_1", "Eventy_1\Eventy_1.csproj", "{68947C19-B837-4A72-A3D0-CC184A875338}"
EndProject
Global
	GlobalSection(SolutionConfigurationPlatforms) = preSolution
		Debug|Any CPU = Debug|Any CPU
		Release|Any CPU = Release|Any CPU
	EndGlobalSection
	GlobalSection(ProjectConfigurationPlatforms) = postSolution
		{68947C19-B837-4A72-A3D0-CC184A875338}.Debug|Any CPU.ActiveCfg = Debug|Any CPU
		{68947C19-B837-4A72-A3D0-CC184A875338}.Debug|Any CPU.Build.0 = Debug|Any CPU
		{68947C19-B837-4A72-A3D0-CC184A875338}.Release|Any CPU.ActiveCfg = Release|Any CPU
		{68947C19-B837-4A72-A3D0-CC184A875338}.Release|Any CPU.Build.0 = Release|Any CPU
	EndGlobalSection
	GlobalSection(SolutionProperties) = preSolution
		HideSolutionNode = FALSE
	EndGlobalSection
	GlobalSection(ExtensibilityGlobals) = postSolution
		SolutionGuid = {F1A8B48D-B4F8-4E5E-A440-A49027E05364}
	EndGlobalSection
EndGlobal
