
Microsoft Visual Studio Solution File, Format Version 12.00
# Visual Studio 15
VisualStudioVersion = 15.0.28307.902
MinimumVisualStudioVersion = 10.0.40219.1
Project("{FAE04EC0-301F-11D3-BF4B-00C04F79EFBC}") = "L3_z3", "L3_z3\L3_z3.csproj", "{3DD2CA79-1087-4D58-A100-7BB1BFEE149B}"
EndProject
Global
	GlobalSection(SolutionConfigurationPlatforms) = preSolution
		Debug|Any CPU = Debug|Any CPU
		Release|Any CPU = Release|Any CPU
	EndGlobalSection
	GlobalSection(ProjectConfigurationPlatforms) = postSolution
		{3DD2CA79-1087-4D58-A100-7BB1BFEE149B}.Debug|Any CPU.ActiveCfg = Debug|Any CPU
		{3DD2CA79-1087-4D58-A100-7BB1BFEE149B}.Debug|Any CPU.Build.0 = Debug|Any CPU
		{3DD2CA79-1087-4D58-A100-7BB1BFEE149B}.Release|Any CPU.ActiveCfg = Release|Any CPU
		{3DD2CA79-1087-4D58-A100-7BB1BFEE149B}.Release|Any CPU.Build.0 = Release|Any CPU
	EndGlobalSection
	GlobalSection(SolutionProperties) = preSolution
		HideSolutionNode = FALSE
	EndGlobalSection
	GlobalSection(ExtensibilityGlobals) = postSolution
		SolutionGuid = {1B5555C2-C4F0-4CB8-A3E7-26CC04C5E2B0}
	EndGlobalSection
EndGlobal
